
Microsoft Visual Studio Solution File, Format Version 12.00
# Visual Studio Version 17
VisualStudioVersion = 17.1.32328.378
MinimumVisualStudioVersion = 10.0.40219.1
<<<<<<< Updated upstream
Project("{FAE04EC0-301F-11D3-BF4B-00C04F79EFBC}") = "Bopo", "Bopo\Bopo.csproj", "{BEEC285F-6BBC-41D0-AD7F-0CFE97E6CBC5}"
=======
Project("{FAE04EC0-301F-11D3-BF4B-00C04F79EFBC}") = "Bopo", "Bopo\Bopo.csproj", "{0D954379-3719-4220-A70F-4ABE5E797FBD}"
>>>>>>> Stashed changes
EndProject
Global
	GlobalSection(SolutionConfigurationPlatforms) = preSolution
		Debug|Any CPU = Debug|Any CPU
		Release|Any CPU = Release|Any CPU
	EndGlobalSection
	GlobalSection(ProjectConfigurationPlatforms) = postSolution
		{0D954379-3719-4220-A70F-4ABE5E797FBD}.Debug|Any CPU.ActiveCfg = Debug|Any CPU
		{0D954379-3719-4220-A70F-4ABE5E797FBD}.Debug|Any CPU.Build.0 = Debug|Any CPU
		{0D954379-3719-4220-A70F-4ABE5E797FBD}.Release|Any CPU.ActiveCfg = Release|Any CPU
		{0D954379-3719-4220-A70F-4ABE5E797FBD}.Release|Any CPU.Build.0 = Release|Any CPU
	EndGlobalSection
	GlobalSection(SolutionProperties) = preSolution
		HideSolutionNode = FALSE
	EndGlobalSection
	GlobalSection(ExtensibilityGlobals) = postSolution
		SolutionGuid = {0C313423-FDC2-419D-B604-D1CEF1E02E08}
	EndGlobalSection
EndGlobal
